// !$*UTF8*$!
{
	archiveVersion = 1;
	classes = {
	};
	objectVersion = 50;
	objects = {

/* Begin PBXBuildFile section */
		ACA4FFBE243676B90072A377 /* AppDelegate.swift in Sources */ = {isa = PBXBuildFile; fileRef = ACA4FFBD243676B90072A377 /* AppDelegate.swift */; };
		ACA4FFC0243676B90072A377 /* SceneDelegate.swift in Sources */ = {isa = PBXBuildFile; fileRef = ACA4FFBF243676B90072A377 /* SceneDelegate.swift */; };
		ACA4FFC2243676B90072A377 /* ViewController.swift in Sources */ = {isa = PBXBuildFile; fileRef = ACA4FFC1243676B90072A377 /* ViewController.swift */; };
		ACA4FFC5243676B90072A377 /* Main.storyboard in Resources */ = {isa = PBXBuildFile; fileRef = ACA4FFC3243676B90072A377 /* Main.storyboard */; };
		ACA4FFC7243676BB0072A377 /* Assets.xcassets in Resources */ = {isa = PBXBuildFile; fileRef = ACA4FFC6243676BB0072A377 /* Assets.xcassets */; };
		ACA4FFCA243676BB0072A377 /* LaunchScreen.storyboard in Resources */ = {isa = PBXBuildFile; fileRef = ACA4FFC8243676BB0072A377 /* LaunchScreen.storyboard */; };
/* End PBXBuildFile section */

/* Begin PBXFileReference section */
		ACA4FFBA243676B90072A377 /* HookahManagerNew.app */ = {isa = PBXFileReference; explicitFileType = wrapper.application; includeInIndex = 0; path = HookahManagerNew.app; sourceTree = BUILT_PRODUCTS_DIR; };
		ACA4FFBD243676B90072A377 /* AppDelegate.swift */ = {isa = PBXFileReference; lastKnownFileType = sourcecode.swift; path = AppDelegate.swift; sourceTree = "<group>"; };
		ACA4FFBF243676B90072A377 /* SceneDelegate.swift */ = {isa = PBXFileReference; lastKnownFileType = sourcecode.swift; path = SceneDelegate.swift; sourceTree = "<group>"; };
		ACA4FFC1243676B90072A377 /* ViewController.swift */ = {isa = PBXFileReference; lastKnownFileType = sourcecode.swift; path = ViewController.swift; sourceTree = "<group>"; };
		ACA4FFC4243676B90072A377 /* Base */ = {isa = PBXFileReference; lastKnownFileType = file.storyboard; name = Base; path = Base.lproj/Main.storyboard; sourceTree = "<group>"; };
		ACA4FFC6243676BB0072A377 /* Assets.xcassets */ = {isa = PBXFileReference; lastKnownFileType = folder.assetcatalog; path = Assets.xcassets; sourceTree = "<group>"; };
		ACA4FFC9243676BB0072A377 /* Base */ = {isa = PBXFileReference; lastKnownFileType = file.storyboard; name = Base; path = Base.lproj/LaunchScreen.storyboard; sourceTree = "<group>"; };
		ACA4FFCB243676BB0072A377 /* Info.plist */ = {isa = PBXFileReference; lastKnownFileType = text.plist.xml; path = Info.plist; sourceTree = "<group>"; };
/* End PBXFileReference section */

/* Begin PBXFrameworksBuildPhase section */
		ACA4FFB7243676B90072A377 /* Frameworks */ = {
			isa = PBXFrameworksBuildPhase;
			buildActionMask = 2147483647;
			files = (
			);
			runOnlyForDeploymentPostprocessing = 0;
		};
/* End PBXFrameworksBuildPhase section */

/* Begin PBXGroup section */
		ACA4FFB1243676B90072A377 = {
			isa = PBXGroup;
			children = (
				ACA4FFBC243676B90072A377 /* HookahManagerNew */,
				ACA4FFBB243676B90072A377 /* Products */,
			);
			sourceTree = "<group>";
		};
		ACA4FFBB243676B90072A377 /* Products */ = {
			isa = PBXGroup;
			children = (
				ACA4FFBA243676B90072A377 /* HookahManagerNew.app */,
			);
			name = Products;
			sourceTree = "<group>";
		};
		ACA4FFBC243676B90072A377 /* HookahManagerNew */ = {
			isa = PBXGroup;
			children = (
				ACA4FFBD243676B90072A377 /* AppDelegate.swift */,
				ACA4FFBF243676B90072A377 /* SceneDelegate.swift */,
				ACA4FFC1243676B90072A377 /* ViewController.swift */,
				ACA4FFC3243676B90072A377 /* Main.storyboard */,
				ACA4FFC6243676BB0072A377 /* Assets.xcassets */,
				ACA4FFC8243676BB0072A377 /* LaunchScreen.storyboard */,
				ACA4FFCB243676BB0072A377 /* Info.plist */,
			);
			path = HookahManagerNew;
			sourceTree = "<group>";
		};
/* End PBXGroup section */

/* Begin PBXNativeTarget section */
		ACA4FFB9243676B90072A377 /* HookahManagerNew */ = {
			isa = PBXNativeTarget;
			buildConfigurationList = ACA4FFCE243676BB0072A377 /* Build configuration list for PBXNativeTarget "HookahManagerNew" */;
			buildPhases = (
				ACA4FFB6243676B90072A377 /* Sources */,
				ACA4FFB7243676B90072A377 /* Frameworks */,
				ACA4FFB8243676B90072A377 /* Resources */,
			);
			buildRules = (
			);
			dependencies = (
			);
			name = HookahManagerNew;
			productName = HookahManagerNew;
			productReference = ACA4FFBA243676B90072A377 /* HookahManagerNew.app */;
			productType = "com.apple.product-type.application";
		};
/* End PBXNativeTarget section */

/* Begin PBXProject section */
		ACA4FFB2243676B90072A377 /* Project object */ = {
			isa = PBXProject;
			attributes = {
				LastSwiftUpdateCheck = 1140;
				LastUpgradeCheck = 1140;
				ORGANIZATIONNAME = "Ацамаз Бицоев";
				TargetAttributes = {
					ACA4FFB9243676B90072A377 = {
						CreatedOnToolsVersion = 11.4;
					};
				};
			};
			buildConfigurationList = ACA4FFB5243676B90072A377 /* Build configuration list for PBXProject "HookahManagerNew" */;
			compatibilityVersion = "Xcode 9.3";
			developmentRegion = en;
			hasScannedForEncodings = 0;
			knownRegions = (
				en,
				Base,
			);
			mainGroup = ACA4FFB1243676B90072A377;
			productRefGroup = ACA4FFBB243676B90072A377 /* Products */;
			projectDirPath = "";
			projectRoot = "";
			targets = (
				ACA4FFB9243676B90072A377 /* HookahManagerNew */,
			);
		};
/* End PBXProject section */

/* Begin PBXResourcesBuildPhase section */
		ACA4FFB8243676B90072A377 /* Resources */ = {
			isa = PBXResourcesBuildPhase;
			buildActionMask = 2147483647;
			files = (
				ACA4FFCA243676BB0072A377 /* LaunchScreen.storyboard in Resources */,
				ACA4FFC7243676BB0072A377 /* Assets.xcassets in Resources */,
				ACA4FFC5243676B90072A377 /* Main.storyboard in Resources */,
			);
			runOnlyForDeploymentPostprocessing = 0;
		};
/* End PBXResourcesBuildPhase section */

/* Begin PBXSourcesBuildPhase section */
		ACA4FFB6243676B90072A377 /* Sources */ = {
			isa = PBXSourcesBuildPhase;
			buildActionMask = 2147483647;
			files = (
				ACA4FFC2243676B90072A377 /* ViewController.swift in Sources */,
				ACA4FFBE243676B90072A377 /* AppDelegate.swift in Sources */,
				ACA4FFC0243676B90072A377 /* SceneDelegate.swift in Sources */,
			);
			runOnlyForDeploymentPostprocessing = 0;
		};
/* End PBXSourcesBuildPhase section */

/* Begin PBXVariantGroup section */
		ACA4FFC3243676B90072A377 /* Main.storyboard */ = {
			isa = PBXVariantGroup;
			children = (
				ACA4FFC4243676B90072A377 /* Base */,
			);
			name = Main.storyboard;
			sourceTree = "<group>";
		};
		ACA4FFC8243676BB0072A377 /* LaunchScreen.storyboard */ = {
			isa = PBXVariantGroup;
			children = (
				ACA4FFC9243676BB0072A377 /* Base */,
			);
			name = LaunchScreen.storyboard;
			sourceTree = "<group>";
		};
/* End PBXVariantGroup section */

/* Begin XCBuildConfiguration section */
		ACA4FFCC243676BB0072A377 /* Debug */ = {
			isa = XCBuildConfiguration;
			buildSettings = {
				ALWAYS_SEARCH_USER_PATHS = NO;
				CLANG_ANALYZER_NONNULL = YES;
				CLANG_ANALYZER_NUMBER_OBJECT_CONVERSION = YES_AGGRESSIVE;
				CLANG_CXX_LANGUAGE_STANDARD = "gnu++14";
				CLANG_CXX_LIBRARY = "libc++";
				CLANG_ENABLE_MODULES = YES;
				CLANG_ENABLE_OBJC_ARC = YES;
				CLANG_ENABLE_OBJC_WEAK = YES;
				CLANG_WARN_BLOCK_CAPTURE_AUTORELEASING = YES;
				CLANG_WARN_BOOL_CONVERSION = YES;
				CLANG_WARN_COMMA = YES;
				CLANG_WARN_CONSTANT_CONVERSION = YES;
				CLANG_WARN_DEPRECATED_OBJC_IMPLEMENTATIONS = YES;
				CLANG_WARN_DIRECT_OBJC_ISA_USAGE = YES_ERROR;
				CLANG_WARN_DOCUMENTATION_COMMENTS = YES;
				CLANG_WARN_EMPTY_BODY = YES;
				CLANG_WARN_ENUM_CONVERSION = YES;
				CLANG_WARN_INFINITE_RECURSION = YES;
				CLANG_WARN_INT_CONVERSION = YES;
				CLANG_WARN_NON_LITERAL_NULL_CONVERSION = YES;
				CLANG_WARN_OBJC_IMPLICIT_RETAIN_SELF = YES;
				CLANG_WARN_OBJC_LITERAL_CONVERSION = YES;
				CLANG_WARN_OBJC_ROOT_CLASS = YES_ERROR;
				CLANG_WARN_RANGE_LOOP_ANALYSIS = YES;
				CLANG_WARN_STRICT_PROTOTYPES = YES;
				CLANG_WARN_SUSPICIOUS_MOVE = YES;
				CLANG_WARN_UNGUARDED_AVAILABILITY = YES_AGGRESSIVE;
				CLANG_WARN_UNREACHABLE_CODE = YES;
				CLANG_WARN__DUPLICATE_METHOD_MATCH = YES;
				COPY_PHASE_STRIP = NO;
				DEBUG_INFORMATION_FORMAT = dwarf;
				ENABLE_STRICT_OBJC_MSGSEND = YES;
				ENABLE_TESTABILITY = YES;
				GCC_C_LANGUAGE_STANDARD = gnu11;
				GCC_DYNAMIC_NO_PIC = NO;
				GCC_NO_COMMON_BLOCKS = YES;
				GCC_OPTIMIZATION_LEVEL = 0;
				GCC_PREPROCESSOR_DEFINITIONS = (
					"DEBUG=1",
					"$(inherited)",
				);
				GCC_WARN_64_TO_32_BIT_CONVERSION = YES;
				GCC_WARN_ABOUT_RETURN_TYPE = YES_ERROR;
				GCC_WARN_UNDECLARED_SELECTOR = YES;
				GCC_WARN_UNINITIALIZED_AUTOS = YES_AGGRESSIVE;
				GCC_WARN_UNUSED_FUNCTION = YES;
				GCC_WARN_UNUSED_VARIABLE = YES;
				IPHONEOS_DEPLOYMENT_TARGET = 13.4;
				MTL_ENABLE_DEBUG_INFO = INCLUDE_SOURCE;
				MTL_FAST_MATH = YES;
				ONLY_ACTIVE_ARCH = YES;
				SDKROOT = iphoneos;
				SWIFT_ACTIVE_COMPILATION_CONDITIONS = DEBUG;
				SWIFT_OPTIMIZATION_LEVEL = "-Onone";
			};
			name = Debug;
		};
		ACA4FFCD243676BB0072A377 /* Release */ = {
			isa = XCBuildConfiguration;
			buildSettings = {
				ALWAYS_SEARCH_USER_PATHS = NO;
				CLANG_ANALYZER_NONNULL = YES;
				CLANG_ANALYZER_NUMBER_OBJECT_CONVERSION = YES_AGGRESSIVE;
				CLANG_CXX_LANGUAGE_STANDARD = "gnu++14";
				CLANG_CXX_LIBRARY = "libc++";
				CLANG_ENABLE_MODULES = YES;
				CLANG_ENABLE_OBJC_ARC = YES;
				CLANG_ENABLE_OBJC_WEAK = YES;
				CLANG_WARN_BLOCK_CAPTURE_AUTORELEASING = YES;
				CLANG_WARN_BOOL_CONVERSION = YES;
				CLANG_WARN_COMMA = YES;
				CLANG_WARN_CONSTANT_CONVERSION = YES;
				CLANG_WARN_DEPRECATED_OBJC_IMPLEMENTATIONS = YES;
				CLANG_WARN_DIRECT_OBJC_ISA_USAGE = YES_ERROR;
				CLANG_WARN_DOCUMENTATION_COMMENTS = YES;
				CLANG_WARN_EMPTY_BODY = YES;
				CLANG_WARN_ENUM_CONVERSION = YES;
				CLANG_WARN_INFINITE_RECURSION = YES;
				CLANG_WARN_INT_CONVERSION = YES;
				CLANG_WARN_NON_LITERAL_NULL_CONVERSION = YES;
				CLANG_WARN_OBJC_IMPLICIT_RETAIN_SELF = YES;
				CLANG_WARN_OBJC_LITERAL_CONVERSION = YES;
				CLANG_WARN_OBJC_ROOT_CLASS = YES_ERROR;
				CLANG_WARN_RANGE_LOOP_ANALYSIS = YES;
				CLANG_WARN_STRICT_PROTOTYPES = YES;
				CLANG_WARN_SUSPICIOUS_MOVE = YES;
				CLANG_WARN_UNGUARDED_AVAILABILITY = YES_AGGRESSIVE;
				CLANG_WARN_UNREACHABLE_CODE = YES;
				CLANG_WARN__DUPLICATE_METHOD_MATCH = YES;
				COPY_PHASE_STRIP = NO;
				DEBUG_INFORMATION_FORMAT = "dwarf-with-dsym";
				ENABLE_NS_ASSERTIONS = NO;
				ENABLE_STRICT_OBJC_MSGSEND = YES;
				GCC_C_LANGUAGE_STANDARD = gnu11;
				GCC_NO_COMMON_BLOCKS = YES;
				GCC_WARN_64_TO_32_BIT_CONVERSION = YES;
				GCC_WARN_ABOUT_RETURN_TYPE = YES_ERROR;
				GCC_WARN_UNDECLARED_SELECTOR = YES;
				GCC_WARN_UNINITIALIZED_AUTOS = YES_AGGRESSIVE;
				GCC_WARN_UNUSED_FUNCTION = YES;
				GCC_WARN_UNUSED_VARIABLE = YES;
				IPHONEOS_DEPLOYMENT_TARGET = 13.4;
				MTL_ENABLE_DEBUG_INFO = NO;
				MTL_FAST_MATH = YES;
				SDKROOT = iphoneos;
				SWIFT_COMPILATION_MODE = wholemodule;
				SWIFT_OPTIMIZATION_LEVEL = "-O";
				VALIDATE_PRODUCT = YES;
			};
			name = Release;
		};
		ACA4FFCF243676BB0072A377 /* Debug */ = {
			isa = XCBuildConfiguration;
			buildSettings = {
				ASSETCATALOG_COMPILER_APPICON_NAME = AppIcon;
				CODE_SIGN_STYLE = Automatic;
				DEVELOPMENT_TEAM = 89WB9E7UEU;
				INFOPLIST_FILE = HookahManagerNew/Info.plist;
				LD_RUNPATH_SEARCH_PATHS = (
					"$(inherited)",
					"@executable_path/Frameworks",
				);
				PRODUCT_BUNDLE_IDENTIFIER = com.bitsoev.HookahManagerNew;
				PRODUCT_NAME = "$(TARGET_NAME)";
				SWIFT_VERSION = 5.0;
				TARGETED_DEVICE_FAMILY = "1,2";
			};
			name = Debug;
		};
		ACA4FFD0243676BB0072A377 /* Release */ = {
			isa = XCBuildConfiguration;
			buildSettings = {
				ASSETCATALOG_COMPILER_APPICON_NAME = AppIcon;
				CODE_SIGN_STYLE = Automatic;
				DEVELOPMENT_TEAM = 89WB9E7UEU;
				INFOPLIST_FILE = HookahManagerNew/Info.plist;
				LD_RUNPATH_SEARCH_PATHS = (
					"$(inherited)",
					"@executable_path/Frameworks",
				);
				PRODUCT_BUNDLE_IDENTIFIER = com.bitsoev.HookahManagerNew;
				PRODUCT_NAME = "$(TARGET_NAME)";
				SWIFT_VERSION = 5.0;
				TARGETED_DEVICE_FAMILY = "1,2";
			};
			name = Release;
		};
/* End XCBuildConfiguration section */

/* Begin XCConfigurationList section */
		ACA4FFB5243676B90072A377 /* Build configuration list for PBXProject "HookahManagerNew" */ = {
			isa = XCConfigurationList;
			buildConfigurations = (
				ACA4FFCC243676BB0072A377 /* Debug */,
				ACA4FFCD243676BB0072A377 /* Release */,
			);
			defaultConfigurationIsVisible = 0;
			defaultConfigurationName = Release;
		};
		ACA4FFCE243676BB0072A377 /* Build configuration list for PBXNativeTarget "HookahManagerNew" */ = {
			isa = XCConfigurationList;
			buildConfigurations = (
				ACA4FFCF243676BB0072A377 /* Debug */,
				ACA4FFD0243676BB0072A377 /* Release */,
			);
			defaultConfigurationIsVisible = 0;
			defaultConfigurationName = Release;
		};
/* End XCConfigurationList section */
	};
	rootObject = ACA4FFB2243676B90072A377 /* Project object */;
}
