// !$*UTF8*$!
{
	archiveVersion = 1;
	classes = {
	};
	objectVersion = 51;
	objects = {

/* Begin PBXBuildFile section */
		730836B26043015394599057 /* Pods_HookahManagerNew.framework in Frameworks */ = {isa = PBXBuildFile; fileRef = 282A2B60A98460AC5B4A3673 /* Pods_HookahManagerNew.framework */; };
		AC2ECCBA2437568A002CF21C /* GoogleService-Info.plist in Resources */ = {isa = PBXBuildFile; fileRef = AC2ECCB924375689002CF21C /* GoogleService-Info.plist */; };
		AC305373243677A4002AA83C /* MainTabBar.storyboard in Resources */ = {isa = PBXBuildFile; fileRef = AC305372243677A4002AA83C /* MainTabBar.storyboard */; };
		AC30537524367883002AA83C /* OrderList.storyboard in Resources */ = {isa = PBXBuildFile; fileRef = AC30537424367883002AA83C /* OrderList.storyboard */; };
		AC30537724367A6F002AA83C /* OrderListView.swift in Sources */ = {isa = PBXBuildFile; fileRef = AC30537624367A6F002AA83C /* OrderListView.swift */; };
		AC30537924367ADA002AA83C /* OrderListController.swift in Sources */ = {isa = PBXBuildFile; fileRef = AC30537824367ADA002AA83C /* OrderListController.swift */; };
		AC30537B24367AE4002AA83C /* OrderListModel.swift in Sources */ = {isa = PBXBuildFile; fileRef = AC30537A24367AE4002AA83C /* OrderListModel.swift */; };
		AC30537E24367CB8002AA83C /* OrderListItem.swift in Sources */ = {isa = PBXBuildFile; fileRef = AC30537D24367CB8002AA83C /* OrderListItem.swift */; };
		AC30538124367D87002AA83C /* OrderListItemCell.swift in Sources */ = {isa = PBXBuildFile; fileRef = AC30538024367D87002AA83C /* OrderListItemCell.swift */; };
		AC3053832436856A002AA83C /* SwipeTypes.swift in Sources */ = {isa = PBXBuildFile; fileRef = AC3053822436856A002AA83C /* SwipeTypes.swift */; };
		AC30538724368F30002AA83C /* .gitignore in Resources */ = {isa = PBXBuildFile; fileRef = AC30538624368F30002AA83C /* .gitignore */; };
		AC71DFC92437CF2800F091CC /* CreatingOrder.storyboard in Resources */ = {isa = PBXBuildFile; fileRef = AC71DFC82437CF2800F091CC /* CreatingOrder.storyboard */; };
		AC71DFCB2437CF4B00F091CC /* CreatingOrderView.swift in Sources */ = {isa = PBXBuildFile; fileRef = AC71DFCA2437CF4B00F091CC /* CreatingOrderView.swift */; };
		AC71DFCD2437CF6300F091CC /* CreatingOrderController.swift in Sources */ = {isa = PBXBuildFile; fileRef = AC71DFCC2437CF6300F091CC /* CreatingOrderController.swift */; };
		AC71DFCF2437CF7000F091CC /* CreatingOrderModel.swift in Sources */ = {isa = PBXBuildFile; fileRef = AC71DFCE2437CF7000F091CC /* CreatingOrderModel.swift */; };
		AC7EF20424370F880059B1C2 /* Order.swift in Sources */ = {isa = PBXBuildFile; fileRef = AC7EF20324370F880059B1C2 /* Order.swift */; };
		AC7EF206243711470059B1C2 /* OrderStatus.swift in Sources */ = {isa = PBXBuildFile; fileRef = AC7EF205243711470059B1C2 /* OrderStatus.swift */; };
		AC7EF208243711D50059B1C2 /* Table.swift in Sources */ = {isa = PBXBuildFile; fileRef = AC7EF207243711D50059B1C2 /* Table.swift */; };
		AC7EF20A243712DE0059B1C2 /* TableSize.swift in Sources */ = {isa = PBXBuildFile; fileRef = AC7EF209243712DE0059B1C2 /* TableSize.swift */; };
		AC7EF20D2437177D0059B1C2 /* DateExt.swift in Sources */ = {isa = PBXBuildFile; fileRef = AC7EF20C2437177D0059B1C2 /* DateExt.swift */; };
		ACA4FFBE243676B90072A377 /* AppDelegate.swift in Sources */ = {isa = PBXBuildFile; fileRef = ACA4FFBD243676B90072A377 /* AppDelegate.swift */; };
		ACA4FFC0243676B90072A377 /* SceneDelegate.swift in Sources */ = {isa = PBXBuildFile; fileRef = ACA4FFBF243676B90072A377 /* SceneDelegate.swift */; };
		ACA4FFC7243676BB0072A377 /* Assets.xcassets in Resources */ = {isa = PBXBuildFile; fileRef = ACA4FFC6243676BB0072A377 /* Assets.xcassets */; };
		ACA4FFCA243676BB0072A377 /* LaunchScreen.storyboard in Resources */ = {isa = PBXBuildFile; fileRef = ACA4FFC8243676BB0072A377 /* LaunchScreen.storyboard */; };
		ACAEBF482437D91D008CEE2A /* SizeItem.swift in Sources */ = {isa = PBXBuildFile; fileRef = ACAEBF472437D91D008CEE2A /* SizeItem.swift */; };
		ACAEBF4B2437DA61008CEE2A /* TableSizeCell.swift in Sources */ = {isa = PBXBuildFile; fileRef = ACAEBF4A2437DA61008CEE2A /* TableSizeCell.swift */; };
		ACAEBF4D2437DCC0008CEE2A /* OptionsItem.swift in Sources */ = {isa = PBXBuildFile; fileRef = ACAEBF4C2437DCC0008CEE2A /* OptionsItem.swift */; };
		ACAEBF4F2437DD53008CEE2A /* OptionsCell.swift in Sources */ = {isa = PBXBuildFile; fileRef = ACAEBF4E2437DD53008CEE2A /* OptionsCell.swift */; };
/* End PBXBuildFile section */

/* Begin PBXFileReference section */
		282A2B60A98460AC5B4A3673 /* Pods_HookahManagerNew.framework */ = {isa = PBXFileReference; explicitFileType = wrapper.framework; includeInIndex = 0; path = Pods_HookahManagerNew.framework; sourceTree = BUILT_PRODUCTS_DIR; };
		67A224026CCE5E8548E3AA03 /* Pods-HookahManagerNew.debug.xcconfig */ = {isa = PBXFileReference; includeInIndex = 1; lastKnownFileType = text.xcconfig; name = "Pods-HookahManagerNew.debug.xcconfig"; path = "Target Support Files/Pods-HookahManagerNew/Pods-HookahManagerNew.debug.xcconfig"; sourceTree = "<group>"; };
		A67E77A6FE1F3B616A69F799 /* Pods-HookahManagerNew.release.xcconfig */ = {isa = PBXFileReference; includeInIndex = 1; lastKnownFileType = text.xcconfig; name = "Pods-HookahManagerNew.release.xcconfig"; path = "Target Support Files/Pods-HookahManagerNew/Pods-HookahManagerNew.release.xcconfig"; sourceTree = "<group>"; };
		AC2ECCB924375689002CF21C /* GoogleService-Info.plist */ = {isa = PBXFileReference; fileEncoding = 4; lastKnownFileType = text.plist.xml; path = "GoogleService-Info.plist"; sourceTree = "<group>"; };
		AC305372243677A4002AA83C /* MainTabBar.storyboard */ = {isa = PBXFileReference; lastKnownFileType = file.storyboard; path = MainTabBar.storyboard; sourceTree = "<group>"; };
		AC30537424367883002AA83C /* OrderList.storyboard */ = {isa = PBXFileReference; lastKnownFileType = file.storyboard; path = OrderList.storyboard; sourceTree = "<group>"; };
		AC30537624367A6F002AA83C /* OrderListView.swift */ = {isa = PBXFileReference; lastKnownFileType = sourcecode.swift; path = OrderListView.swift; sourceTree = "<group>"; };
		AC30537824367ADA002AA83C /* OrderListController.swift */ = {isa = PBXFileReference; lastKnownFileType = sourcecode.swift; path = OrderListController.swift; sourceTree = "<group>"; };
		AC30537A24367AE4002AA83C /* OrderListModel.swift */ = {isa = PBXFileReference; lastKnownFileType = sourcecode.swift; path = OrderListModel.swift; sourceTree = "<group>"; };
		AC30537D24367CB8002AA83C /* OrderListItem.swift */ = {isa = PBXFileReference; lastKnownFileType = sourcecode.swift; path = OrderListItem.swift; sourceTree = "<group>"; };
		AC30538024367D87002AA83C /* OrderListItemCell.swift */ = {isa = PBXFileReference; lastKnownFileType = sourcecode.swift; path = OrderListItemCell.swift; sourceTree = "<group>"; };
		AC3053822436856A002AA83C /* SwipeTypes.swift */ = {isa = PBXFileReference; lastKnownFileType = sourcecode.swift; path = SwipeTypes.swift; sourceTree = "<group>"; };
		AC30538624368F30002AA83C /* .gitignore */ = {isa = PBXFileReference; lastKnownFileType = text; path = .gitignore; sourceTree = "<group>"; };
		AC71DFC82437CF2800F091CC /* CreatingOrder.storyboard */ = {isa = PBXFileReference; lastKnownFileType = file.storyboard; path = CreatingOrder.storyboard; sourceTree = "<group>"; };
		AC71DFCA2437CF4B00F091CC /* CreatingOrderView.swift */ = {isa = PBXFileReference; lastKnownFileType = sourcecode.swift; path = CreatingOrderView.swift; sourceTree = "<group>"; };
		AC71DFCC2437CF6300F091CC /* CreatingOrderController.swift */ = {isa = PBXFileReference; lastKnownFileType = sourcecode.swift; path = CreatingOrderController.swift; sourceTree = "<group>"; };
		AC71DFCE2437CF7000F091CC /* CreatingOrderModel.swift */ = {isa = PBXFileReference; lastKnownFileType = sourcecode.swift; path = CreatingOrderModel.swift; sourceTree = "<group>"; };
		AC7EF20324370F880059B1C2 /* Order.swift */ = {isa = PBXFileReference; lastKnownFileType = sourcecode.swift; path = Order.swift; sourceTree = "<group>"; };
		AC7EF205243711470059B1C2 /* OrderStatus.swift */ = {isa = PBXFileReference; lastKnownFileType = sourcecode.swift; path = OrderStatus.swift; sourceTree = "<group>"; };
		AC7EF207243711D50059B1C2 /* Table.swift */ = {isa = PBXFileReference; lastKnownFileType = sourcecode.swift; path = Table.swift; sourceTree = "<group>"; };
		AC7EF209243712DE0059B1C2 /* TableSize.swift */ = {isa = PBXFileReference; lastKnownFileType = sourcecode.swift; path = TableSize.swift; sourceTree = "<group>"; };
		AC7EF20C2437177D0059B1C2 /* DateExt.swift */ = {isa = PBXFileReference; lastKnownFileType = sourcecode.swift; path = DateExt.swift; sourceTree = "<group>"; };
		ACA4FFBA243676B90072A377 /* HookahManagerNew.app */ = {isa = PBXFileReference; explicitFileType = wrapper.application; includeInIndex = 0; path = HookahManagerNew.app; sourceTree = BUILT_PRODUCTS_DIR; };
		ACA4FFBD243676B90072A377 /* AppDelegate.swift */ = {isa = PBXFileReference; lastKnownFileType = sourcecode.swift; path = AppDelegate.swift; sourceTree = "<group>"; };
		ACA4FFBF243676B90072A377 /* SceneDelegate.swift */ = {isa = PBXFileReference; lastKnownFileType = sourcecode.swift; path = SceneDelegate.swift; sourceTree = "<group>"; };
		ACA4FFC6243676BB0072A377 /* Assets.xcassets */ = {isa = PBXFileReference; lastKnownFileType = folder.assetcatalog; path = Assets.xcassets; sourceTree = "<group>"; };
		ACA4FFC9243676BB0072A377 /* Base */ = {isa = PBXFileReference; lastKnownFileType = file.storyboard; name = Base; path = Base.lproj/LaunchScreen.storyboard; sourceTree = "<group>"; };
		ACA4FFCB243676BB0072A377 /* Info.plist */ = {isa = PBXFileReference; lastKnownFileType = text.plist.xml; path = Info.plist; sourceTree = "<group>"; };
		ACAEBF472437D91D008CEE2A /* SizeItem.swift */ = {isa = PBXFileReference; lastKnownFileType = sourcecode.swift; path = SizeItem.swift; sourceTree = "<group>"; };
		ACAEBF4A2437DA61008CEE2A /* TableSizeCell.swift */ = {isa = PBXFileReference; lastKnownFileType = sourcecode.swift; path = TableSizeCell.swift; sourceTree = "<group>"; };
		ACAEBF4C2437DCC0008CEE2A /* OptionsItem.swift */ = {isa = PBXFileReference; lastKnownFileType = sourcecode.swift; path = OptionsItem.swift; sourceTree = "<group>"; };
		ACAEBF4E2437DD53008CEE2A /* OptionsCell.swift */ = {isa = PBXFileReference; lastKnownFileType = sourcecode.swift; path = OptionsCell.swift; sourceTree = "<group>"; };
/* End PBXFileReference section */

/* Begin PBXFrameworksBuildPhase section */
		ACA4FFB7243676B90072A377 /* Frameworks */ = {
			isa = PBXFrameworksBuildPhase;
			buildActionMask = 2147483647;
			files = (
				730836B26043015394599057 /* Pods_HookahManagerNew.framework in Frameworks */,
			);
			runOnlyForDeploymentPostprocessing = 0;
		};
/* End PBXFrameworksBuildPhase section */

/* Begin PBXGroup section */
		AC30536E24367745002AA83C /* Veiws */ = {
			isa = PBXGroup;
			children = (
				AC71DFD02437CFF300F091CC /* OrderList */,
				AC71DFD12437D04F00F091CC /* CreatingOrder */,
			);
			path = Veiws;
			sourceTree = "<group>";
		};
		AC30536F24367755002AA83C /* Controllers */ = {
			isa = PBXGroup;
			children = (
				AC71DFD22437D05D00F091CC /* OrderList */,
				AC71DFD32437D0AE00F091CC /* CreatingOrder */,
				AC7EF20224370F7A0059B1C2 /* Entities */,
			);
			path = Controllers;
			sourceTree = "<group>";
		};
		AC3053702436775E002AA83C /* Models */ = {
			isa = PBXGroup;
			children = (
				AC71DFD42437D0CB00F091CC /* OrderList */,
				AC71DFD52437D0D300F091CC /* CreatingOrder */,
			);
			path = Models;
			sourceTree = "<group>";
		};
		AC30537124367775002AA83C /* Storyboards+Xibs */ = {
			isa = PBXGroup;
			children = (
				AC305372243677A4002AA83C /* MainTabBar.storyboard */,
				AC30537424367883002AA83C /* OrderList.storyboard */,
				AC71DFC82437CF2800F091CC /* CreatingOrder.storyboard */,
			);
			path = "Storyboards+Xibs";
			sourceTree = "<group>";
		};
		AC30537C24367C9E002AA83C /* Entities */ = {
			isa = PBXGroup;
			children = (
				AC30537D24367CB8002AA83C /* OrderListItem.swift */,
				AC3053822436856A002AA83C /* SwipeTypes.swift */,
			);
			path = Entities;
			sourceTree = "<group>";
		};
		AC30537F24367D6B002AA83C /* Cells */ = {
			isa = PBXGroup;
			children = (
				AC30538024367D87002AA83C /* OrderListItemCell.swift */,
			);
			path = Cells;
			sourceTree = "<group>";
		};
		AC71DFD02437CFF300F091CC /* OrderList */ = {
			isa = PBXGroup;
			children = (
				AC30537624367A6F002AA83C /* OrderListView.swift */,
				AC30537F24367D6B002AA83C /* Cells */,
				AC30537C24367C9E002AA83C /* Entities */,
			);
			path = OrderList;
			sourceTree = "<group>";
		};
		AC71DFD12437D04F00F091CC /* CreatingOrder */ = {
			isa = PBXGroup;
			children = (
				AC71DFCA2437CF4B00F091CC /* CreatingOrderView.swift */,
				ACAEBF492437DA48008CEE2A /* Cells */,
				ACAEBF462437D90F008CEE2A /* Entities */,
			);
			path = CreatingOrder;
			sourceTree = "<group>";
		};
		AC71DFD22437D05D00F091CC /* OrderList */ = {
			isa = PBXGroup;
			children = (
				AC30537824367ADA002AA83C /* OrderListController.swift */,
			);
			path = OrderList;
			sourceTree = "<group>";
		};
		AC71DFD32437D0AE00F091CC /* CreatingOrder */ = {
			isa = PBXGroup;
			children = (
				AC71DFCC2437CF6300F091CC /* CreatingOrderController.swift */,
			);
			path = CreatingOrder;
			sourceTree = "<group>";
		};
		AC71DFD42437D0CB00F091CC /* OrderList */ = {
			isa = PBXGroup;
			children = (
				AC30537A24367AE4002AA83C /* OrderListModel.swift */,
			);
			path = OrderList;
			sourceTree = "<group>";
		};
		AC71DFD52437D0D300F091CC /* CreatingOrder */ = {
			isa = PBXGroup;
			children = (
				AC71DFCE2437CF7000F091CC /* CreatingOrderModel.swift */,
			);
			path = CreatingOrder;
			sourceTree = "<group>";
		};
		AC7EF20224370F7A0059B1C2 /* Entities */ = {
			isa = PBXGroup;
			children = (
				AC7EF20324370F880059B1C2 /* Order.swift */,
				AC7EF205243711470059B1C2 /* OrderStatus.swift */,
				AC7EF207243711D50059B1C2 /* Table.swift */,
				AC7EF209243712DE0059B1C2 /* TableSize.swift */,
			);
			path = Entities;
			sourceTree = "<group>";
		};
		AC7EF20B2437175F0059B1C2 /* Extensions */ = {
			isa = PBXGroup;
			children = (
				AC7EF20C2437177D0059B1C2 /* DateExt.swift */,
			);
			path = Extensions;
			sourceTree = "<group>";
		};
		ACA4FFB1243676B90072A377 = {
			isa = PBXGroup;
			children = (
				AC30538624368F30002AA83C /* .gitignore */,
				ACA4FFBC243676B90072A377 /* HookahManagerNew */,
				ACA4FFBB243676B90072A377 /* Products */,
				FA0EC5BF74401068334D84BF /* Pods */,
				C2AE0808FE8E5DFB32CFFC24 /* Frameworks */,
			);
			sourceTree = "<group>";
		};
		ACA4FFBB243676B90072A377 /* Products */ = {
			isa = PBXGroup;
			children = (
				ACA4FFBA243676B90072A377 /* HookahManagerNew.app */,
			);
			name = Products;
			sourceTree = "<group>";
		};
		ACA4FFBC243676B90072A377 /* HookahManagerNew */ = {
			isa = PBXGroup;
			children = (
				AC7EF20B2437175F0059B1C2 /* Extensions */,
				AC30537124367775002AA83C /* Storyboards+Xibs */,
				AC30536E24367745002AA83C /* Veiws */,
				AC30536F24367755002AA83C /* Controllers */,
				AC3053702436775E002AA83C /* Models */,
				ACA4FFD1243676C80072A377 /* SupportingFiles */,
				ACA4FFCB243676BB0072A377 /* Info.plist */,
				AC2ECCB924375689002CF21C /* GoogleService-Info.plist */,
			);
			path = HookahManagerNew;
			sourceTree = "<group>";
		};
		ACA4FFD1243676C80072A377 /* SupportingFiles */ = {
			isa = PBXGroup;
			children = (
				ACA4FFBD243676B90072A377 /* AppDelegate.swift */,
				ACA4FFBF243676B90072A377 /* SceneDelegate.swift */,
				ACA4FFC6243676BB0072A377 /* Assets.xcassets */,
				ACA4FFC8243676BB0072A377 /* LaunchScreen.storyboard */,
			);
			path = SupportingFiles;
			sourceTree = "<group>";
		};
		ACAEBF462437D90F008CEE2A /* Entities */ = {
			isa = PBXGroup;
			children = (
				ACAEBF472437D91D008CEE2A /* SizeItem.swift */,
				ACAEBF4C2437DCC0008CEE2A /* OptionsItem.swift */,
			);
			path = Entities;
			sourceTree = "<group>";
		};
		ACAEBF492437DA48008CEE2A /* Cells */ = {
			isa = PBXGroup;
			children = (
				ACAEBF4A2437DA61008CEE2A /* TableSizeCell.swift */,
				ACAEBF4E2437DD53008CEE2A /* OptionsCell.swift */,
			);
			path = Cells;
			sourceTree = "<group>";
		};
		C2AE0808FE8E5DFB32CFFC24 /* Frameworks */ = {
			isa = PBXGroup;
			children = (
				282A2B60A98460AC5B4A3673 /* Pods_HookahManagerNew.framework */,
			);
			name = Frameworks;
			sourceTree = "<group>";
		};
		FA0EC5BF74401068334D84BF /* Pods */ = {
			isa = PBXGroup;
			children = (
				67A224026CCE5E8548E3AA03 /* Pods-HookahManagerNew.debug.xcconfig */,
				A67E77A6FE1F3B616A69F799 /* Pods-HookahManagerNew.release.xcconfig */,
			);
			path = Pods;
			sourceTree = "<group>";
		};
/* End PBXGroup section */

/* Begin PBXNativeTarget section */
		ACA4FFB9243676B90072A377 /* HookahManagerNew */ = {
			isa = PBXNativeTarget;
			buildConfigurationList = ACA4FFCE243676BB0072A377 /* Build configuration list for PBXNativeTarget "HookahManagerNew" */;
			buildPhases = (
				CEA6459E96854C63491638DB /* [CP] Check Pods Manifest.lock */,
				ACA4FFB6243676B90072A377 /* Sources */,
				ACA4FFB7243676B90072A377 /* Frameworks */,
				ACA4FFB8243676B90072A377 /* Resources */,
				D33D0F077572D6ED3B8E9ECA /* [CP] Embed Pods Frameworks */,
			);
			buildRules = (
			);
			dependencies = (
			);
			name = HookahManagerNew;
			productName = HookahManagerNew;
			productReference = ACA4FFBA243676B90072A377 /* HookahManagerNew.app */;
			productType = "com.apple.product-type.application";
		};
/* End PBXNativeTarget section */

/* Begin PBXProject section */
		ACA4FFB2243676B90072A377 /* Project object */ = {
			isa = PBXProject;
			attributes = {
				LastSwiftUpdateCheck = 1140;
				LastUpgradeCheck = 1140;
				ORGANIZATIONNAME = "Ацамаз Бицоев";
				TargetAttributes = {
					ACA4FFB9243676B90072A377 = {
						CreatedOnToolsVersion = 11.4;
					};
				};
			};
			buildConfigurationList = ACA4FFB5243676B90072A377 /* Build configuration list for PBXProject "HookahManagerNew" */;
			compatibilityVersion = "Xcode 9.3";
			developmentRegion = en;
			hasScannedForEncodings = 0;
			knownRegions = (
				en,
				Base,
			);
			mainGroup = ACA4FFB1243676B90072A377;
			productRefGroup = ACA4FFBB243676B90072A377 /* Products */;
			projectDirPath = "";
			projectRoot = "";
			targets = (
				ACA4FFB9243676B90072A377 /* HookahManagerNew */,
			);
		};
/* End PBXProject section */

/* Begin PBXResourcesBuildPhase section */
		ACA4FFB8243676B90072A377 /* Resources */ = {
			isa = PBXResourcesBuildPhase;
			buildActionMask = 2147483647;
			files = (
				AC71DFC92437CF2800F091CC /* CreatingOrder.storyboard in Resources */,
				AC30538724368F30002AA83C /* .gitignore in Resources */,
				AC305373243677A4002AA83C /* MainTabBar.storyboard in Resources */,
				ACA4FFCA243676BB0072A377 /* LaunchScreen.storyboard in Resources */,
				ACA4FFC7243676BB0072A377 /* Assets.xcassets in Resources */,
				AC30537524367883002AA83C /* OrderList.storyboard in Resources */,
				AC2ECCBA2437568A002CF21C /* GoogleService-Info.plist in Resources */,
			);
			runOnlyForDeploymentPostprocessing = 0;
		};
/* End PBXResourcesBuildPhase section */

/* Begin PBXShellScriptBuildPhase section */
		CEA6459E96854C63491638DB /* [CP] Check Pods Manifest.lock */ = {
			isa = PBXShellScriptBuildPhase;
			buildActionMask = 2147483647;
			files = (
			);
			inputFileListPaths = (
			);
			inputPaths = (
				"${PODS_PODFILE_DIR_PATH}/Podfile.lock",
				"${PODS_ROOT}/Manifest.lock",
			);
			name = "[CP] Check Pods Manifest.lock";
			outputFileListPaths = (
			);
			outputPaths = (
				"$(DERIVED_FILE_DIR)/Pods-HookahManagerNew-checkManifestLockResult.txt",
			);
			runOnlyForDeploymentPostprocessing = 0;
			shellPath = /bin/sh;
			shellScript = "diff \"${PODS_PODFILE_DIR_PATH}/Podfile.lock\" \"${PODS_ROOT}/Manifest.lock\" > /dev/null\nif [ $? != 0 ] ; then\n    # print error to STDERR\n    echo \"error: The sandbox is not in sync with the Podfile.lock. Run 'pod install' or update your CocoaPods installation.\" >&2\n    exit 1\nfi\n# This output is used by Xcode 'outputs' to avoid re-running this script phase.\necho \"SUCCESS\" > \"${SCRIPT_OUTPUT_FILE_0}\"\n";
			showEnvVarsInLog = 0;
		};
		D33D0F077572D6ED3B8E9ECA /* [CP] Embed Pods Frameworks */ = {
			isa = PBXShellScriptBuildPhase;
			buildActionMask = 2147483647;
			files = (
			);
			inputFileListPaths = (
				"${PODS_ROOT}/Target Support Files/Pods-HookahManagerNew/Pods-HookahManagerNew-frameworks-${CONFIGURATION}-input-files.xcfilelist",
			);
			name = "[CP] Embed Pods Frameworks";
			outputFileListPaths = (
				"${PODS_ROOT}/Target Support Files/Pods-HookahManagerNew/Pods-HookahManagerNew-frameworks-${CONFIGURATION}-output-files.xcfilelist",
			);
			runOnlyForDeploymentPostprocessing = 0;
			shellPath = /bin/sh;
			shellScript = "\"${PODS_ROOT}/Target Support Files/Pods-HookahManagerNew/Pods-HookahManagerNew-frameworks.sh\"\n";
			showEnvVarsInLog = 0;
		};
/* End PBXShellScriptBuildPhase section */

/* Begin PBXSourcesBuildPhase section */
		ACA4FFB6243676B90072A377 /* Sources */ = {
			isa = PBXSourcesBuildPhase;
			buildActionMask = 2147483647;
			files = (
				ACAEBF4F2437DD53008CEE2A /* OptionsCell.swift in Sources */,
				AC3053832436856A002AA83C /* SwipeTypes.swift in Sources */,
				AC30537924367ADA002AA83C /* OrderListController.swift in Sources */,
				AC71DFCB2437CF4B00F091CC /* CreatingOrderView.swift in Sources */,
				ACAEBF4B2437DA61008CEE2A /* TableSizeCell.swift in Sources */,
				AC7EF20D2437177D0059B1C2 /* DateExt.swift in Sources */,
				AC71DFCD2437CF6300F091CC /* CreatingOrderController.swift in Sources */,
				ACA4FFBE243676B90072A377 /* AppDelegate.swift in Sources */,
				AC7EF20424370F880059B1C2 /* Order.swift in Sources */,
				AC30538124367D87002AA83C /* OrderListItemCell.swift in Sources */,
				AC7EF20A243712DE0059B1C2 /* TableSize.swift in Sources */,
				AC30537B24367AE4002AA83C /* OrderListModel.swift in Sources */,
				AC30537E24367CB8002AA83C /* OrderListItem.swift in Sources */,
				ACA4FFC0243676B90072A377 /* SceneDelegate.swift in Sources */,
				AC7EF206243711470059B1C2 /* OrderStatus.swift in Sources */,
				AC71DFCF2437CF7000F091CC /* CreatingOrderModel.swift in Sources */,
				ACAEBF482437D91D008CEE2A /* SizeItem.swift in Sources */,
				ACAEBF4D2437DCC0008CEE2A /* OptionsItem.swift in Sources */,
				AC30537724367A6F002AA83C /* OrderListView.swift in Sources */,
				AC7EF208243711D50059B1C2 /* Table.swift in Sources */,
			);
			runOnlyForDeploymentPostprocessing = 0;
		};
/* End PBXSourcesBuildPhase section */

/* Begin PBXVariantGroup section */
		ACA4FFC8243676BB0072A377 /* LaunchScreen.storyboard */ = {
			isa = PBXVariantGroup;
			children = (
				ACA4FFC9243676BB0072A377 /* Base */,
			);
			name = LaunchScreen.storyboard;
			sourceTree = "<group>";
		};
/* End PBXVariantGroup section */

/* Begin XCBuildConfiguration section */
		ACA4FFCC243676BB0072A377 /* Debug */ = {
			isa = XCBuildConfiguration;
			buildSettings = {
				ALWAYS_SEARCH_USER_PATHS = NO;
				CLANG_ANALYZER_NONNULL = YES;
				CLANG_ANALYZER_NUMBER_OBJECT_CONVERSION = YES_AGGRESSIVE;
				CLANG_CXX_LANGUAGE_STANDARD = "gnu++14";
				CLANG_CXX_LIBRARY = "libc++";
				CLANG_ENABLE_MODULES = YES;
				CLANG_ENABLE_OBJC_ARC = YES;
				CLANG_ENABLE_OBJC_WEAK = YES;
				CLANG_WARN_BLOCK_CAPTURE_AUTORELEASING = YES;
				CLANG_WARN_BOOL_CONVERSION = YES;
				CLANG_WARN_COMMA = YES;
				CLANG_WARN_CONSTANT_CONVERSION = YES;
				CLANG_WARN_DEPRECATED_OBJC_IMPLEMENTATIONS = YES;
				CLANG_WARN_DIRECT_OBJC_ISA_USAGE = YES_ERROR;
				CLANG_WARN_DOCUMENTATION_COMMENTS = YES;
				CLANG_WARN_EMPTY_BODY = YES;
				CLANG_WARN_ENUM_CONVERSION = YES;
				CLANG_WARN_INFINITE_RECURSION = YES;
				CLANG_WARN_INT_CONVERSION = YES;
				CLANG_WARN_NON_LITERAL_NULL_CONVERSION = YES;
				CLANG_WARN_OBJC_IMPLICIT_RETAIN_SELF = YES;
				CLANG_WARN_OBJC_LITERAL_CONVERSION = YES;
				CLANG_WARN_OBJC_ROOT_CLASS = YES_ERROR;
				CLANG_WARN_RANGE_LOOP_ANALYSIS = YES;
				CLANG_WARN_STRICT_PROTOTYPES = YES;
				CLANG_WARN_SUSPICIOUS_MOVE = YES;
				CLANG_WARN_UNGUARDED_AVAILABILITY = YES_AGGRESSIVE;
				CLANG_WARN_UNREACHABLE_CODE = YES;
				CLANG_WARN__DUPLICATE_METHOD_MATCH = YES;
				COPY_PHASE_STRIP = NO;
				DEBUG_INFORMATION_FORMAT = dwarf;
				ENABLE_STRICT_OBJC_MSGSEND = YES;
				ENABLE_TESTABILITY = YES;
				GCC_C_LANGUAGE_STANDARD = gnu11;
				GCC_DYNAMIC_NO_PIC = NO;
				GCC_NO_COMMON_BLOCKS = YES;
				GCC_OPTIMIZATION_LEVEL = 0;
				GCC_PREPROCESSOR_DEFINITIONS = (
					"DEBUG=1",
					"$(inherited)",
				);
				GCC_WARN_64_TO_32_BIT_CONVERSION = YES;
				GCC_WARN_ABOUT_RETURN_TYPE = YES_ERROR;
				GCC_WARN_UNDECLARED_SELECTOR = YES;
				GCC_WARN_UNINITIALIZED_AUTOS = YES_AGGRESSIVE;
				GCC_WARN_UNUSED_FUNCTION = YES;
				GCC_WARN_UNUSED_VARIABLE = YES;
				IPHONEOS_DEPLOYMENT_TARGET = 13.4;
				MTL_ENABLE_DEBUG_INFO = INCLUDE_SOURCE;
				MTL_FAST_MATH = YES;
				ONLY_ACTIVE_ARCH = YES;
				SDKROOT = iphoneos;
				SWIFT_ACTIVE_COMPILATION_CONDITIONS = DEBUG;
				SWIFT_OPTIMIZATION_LEVEL = "-Onone";
			};
			name = Debug;
		};
		ACA4FFCD243676BB0072A377 /* Release */ = {
			isa = XCBuildConfiguration;
			buildSettings = {
				ALWAYS_SEARCH_USER_PATHS = NO;
				CLANG_ANALYZER_NONNULL = YES;
				CLANG_ANALYZER_NUMBER_OBJECT_CONVERSION = YES_AGGRESSIVE;
				CLANG_CXX_LANGUAGE_STANDARD = "gnu++14";
				CLANG_CXX_LIBRARY = "libc++";
				CLANG_ENABLE_MODULES = YES;
				CLANG_ENABLE_OBJC_ARC = YES;
				CLANG_ENABLE_OBJC_WEAK = YES;
				CLANG_WARN_BLOCK_CAPTURE_AUTORELEASING = YES;
				CLANG_WARN_BOOL_CONVERSION = YES;
				CLANG_WARN_COMMA = YES;
				CLANG_WARN_CONSTANT_CONVERSION = YES;
				CLANG_WARN_DEPRECATED_OBJC_IMPLEMENTATIONS = YES;
				CLANG_WARN_DIRECT_OBJC_ISA_USAGE = YES_ERROR;
				CLANG_WARN_DOCUMENTATION_COMMENTS = YES;
				CLANG_WARN_EMPTY_BODY = YES;
				CLANG_WARN_ENUM_CONVERSION = YES;
				CLANG_WARN_INFINITE_RECURSION = YES;
				CLANG_WARN_INT_CONVERSION = YES;
				CLANG_WARN_NON_LITERAL_NULL_CONVERSION = YES;
				CLANG_WARN_OBJC_IMPLICIT_RETAIN_SELF = YES;
				CLANG_WARN_OBJC_LITERAL_CONVERSION = YES;
				CLANG_WARN_OBJC_ROOT_CLASS = YES_ERROR;
				CLANG_WARN_RANGE_LOOP_ANALYSIS = YES;
				CLANG_WARN_STRICT_PROTOTYPES = YES;
				CLANG_WARN_SUSPICIOUS_MOVE = YES;
				CLANG_WARN_UNGUARDED_AVAILABILITY = YES_AGGRESSIVE;
				CLANG_WARN_UNREACHABLE_CODE = YES;
				CLANG_WARN__DUPLICATE_METHOD_MATCH = YES;
				COPY_PHASE_STRIP = NO;
				DEBUG_INFORMATION_FORMAT = "dwarf-with-dsym";
				ENABLE_NS_ASSERTIONS = NO;
				ENABLE_STRICT_OBJC_MSGSEND = YES;
				GCC_C_LANGUAGE_STANDARD = gnu11;
				GCC_NO_COMMON_BLOCKS = YES;
				GCC_WARN_64_TO_32_BIT_CONVERSION = YES;
				GCC_WARN_ABOUT_RETURN_TYPE = YES_ERROR;
				GCC_WARN_UNDECLARED_SELECTOR = YES;
				GCC_WARN_UNINITIALIZED_AUTOS = YES_AGGRESSIVE;
				GCC_WARN_UNUSED_FUNCTION = YES;
				GCC_WARN_UNUSED_VARIABLE = YES;
				IPHONEOS_DEPLOYMENT_TARGET = 13.4;
				MTL_ENABLE_DEBUG_INFO = NO;
				MTL_FAST_MATH = YES;
				SDKROOT = iphoneos;
				SWIFT_COMPILATION_MODE = wholemodule;
				SWIFT_OPTIMIZATION_LEVEL = "-O";
				VALIDATE_PRODUCT = YES;
			};
			name = Release;
		};
		ACA4FFCF243676BB0072A377 /* Debug */ = {
			isa = XCBuildConfiguration;
			baseConfigurationReference = 67A224026CCE5E8548E3AA03 /* Pods-HookahManagerNew.debug.xcconfig */;
			buildSettings = {
				ASSETCATALOG_COMPILER_APPICON_NAME = AppIcon;
				CODE_SIGN_STYLE = Automatic;
				DEVELOPMENT_TEAM = 89WB9E7UEU;
				INFOPLIST_FILE = HookahManagerNew/Info.plist;
				IPHONEOS_DEPLOYMENT_TARGET = 11.0;
				LD_RUNPATH_SEARCH_PATHS = (
					"$(inherited)",
					"@executable_path/Frameworks",
				);
				PRODUCT_BUNDLE_IDENTIFIER = com.bitsoev.HookahManagerNew;
				PRODUCT_NAME = "$(TARGET_NAME)";
				SWIFT_VERSION = 5.0;
				TARGETED_DEVICE_FAMILY = 1;
			};
			name = Debug;
		};
		ACA4FFD0243676BB0072A377 /* Release */ = {
			isa = XCBuildConfiguration;
			baseConfigurationReference = A67E77A6FE1F3B616A69F799 /* Pods-HookahManagerNew.release.xcconfig */;
			buildSettings = {
				ASSETCATALOG_COMPILER_APPICON_NAME = AppIcon;
				CODE_SIGN_STYLE = Automatic;
				DEVELOPMENT_TEAM = 89WB9E7UEU;
				INFOPLIST_FILE = HookahManagerNew/Info.plist;
				IPHONEOS_DEPLOYMENT_TARGET = 11.0;
				LD_RUNPATH_SEARCH_PATHS = (
					"$(inherited)",
					"@executable_path/Frameworks",
				);
				PRODUCT_BUNDLE_IDENTIFIER = com.bitsoev.HookahManagerNew;
				PRODUCT_NAME = "$(TARGET_NAME)";
				SWIFT_VERSION = 5.0;
				TARGETED_DEVICE_FAMILY = 1;
			};
			name = Release;
		};
/* End XCBuildConfiguration section */

/* Begin XCConfigurationList section */
		ACA4FFB5243676B90072A377 /* Build configuration list for PBXProject "HookahManagerNew" */ = {
			isa = XCConfigurationList;
			buildConfigurations = (
				ACA4FFCC243676BB0072A377 /* Debug */,
				ACA4FFCD243676BB0072A377 /* Release */,
			);
			defaultConfigurationIsVisible = 0;
			defaultConfigurationName = Release;
		};
		ACA4FFCE243676BB0072A377 /* Build configuration list for PBXNativeTarget "HookahManagerNew" */ = {
			isa = XCConfigurationList;
			buildConfigurations = (
				ACA4FFCF243676BB0072A377 /* Debug */,
				ACA4FFD0243676BB0072A377 /* Release */,
			);
			defaultConfigurationIsVisible = 0;
			defaultConfigurationName = Release;
		};
/* End XCConfigurationList section */
	};
	rootObject = ACA4FFB2243676B90072A377 /* Project object */;
}
